<Solution>
  <Project Path="Abstract/Abstract.csproj" Id="00cb95d5-5084-41f0-ac43-ee7b1c00f353" />
  <Project Path="ActionDelegate/ActionDelegate.csproj" Id="32f1ec83-f677-438a-a9f3-d94d956a9c70" />
  <Project Path="ClassAndConstructor/ClassAndConstructor.csproj" />
  <Project Path="Delegate/Delegate.csproj" Id="8c52ece2-3e2d-4109-b0b5-90b865804d36" />
  <Project Path="DictionaryCollection/DictionaryCollection.csproj" Id="96b74133-c1ff-49c8-83ef-231e9e4174ea" />
  <Project Path="Enumeration/Enumeration.csproj" Id="bd579001-baea-4193-a28f-695a40d71257" />
  <Project Path="ExtensionMethod/ExtensionMethod.csproj" Id="b81c36ea-eaff-48a4-b8a9-62bec57d5276" />
  <Project Path="FuncDelegate/FuncDelegate.csproj" Id="efe1501b-1890-427f-b93e-f6029de40a24" />
  <Project Path="GenericMethod/GenericMethod.csproj" Id="a629ad43-5d41-4983-ba60-c3f456bba7e0" />
  <Project Path="Generics/Generics.csproj" Id="b79b5c26-3591-485a-8bd0-09472fced739" />
  <Project Path="GenericsExample/GenericsExample.csproj" Id="a11befe6-5188-4804-b873-0cd1046399c1" />
  <Project Path="HashTableCollection/HashTableCollection.csproj" Id="7bab65d6-ef10-4665-9f7d-8d864d3696b3" />
  <Project Path="Inheritance/Inheritance.csproj" Id="044529c2-3b76-439b-b7c0-583bcd16488a" />
  <Project Path="InheritanceWithNewKeyWord/InheritanceWithNewKeyWord.csproj" Id="6ecb252c-0de3-480b-8fc6-5fa864ac76f7" />
  <Project Path="Interface/Interface.csproj" Id="1138e627-a3e7-49ac-85a0-8c764200d3f8" />
  <Project Path="NullableType/NullableType.csproj" Id="0b0f15ab-d13b-4117-b1d7-f9c575b71e2b" />
  <Project Path="PartialClass/PartialClass.csproj" />
  <Project Path="QueueCollection/QueueCollection.csproj" Id="95a76e4a-c808-40f3-b7fe-09ad32890eab" />
  <Project Path="StackCollection/StackCollection.csproj" Id="b0543d95-745c-4959-b19e-97bcb50f5d70" />
  <Project Path="StringExtensions/StringExtensions.csproj" />
  <Project Path="Structures/Structures.csproj" Id="5013ad32-efad-447c-9b08-d23970f4143e" />
</Solution>
